
Microsoft Visual Studio Solution File, Format Version 12.00
# Visual Studio 15
VisualStudioVersion = 15.0.26228.9
MinimumVisualStudioVersion = 10.0.40219.1
Project("{FAE04EC0-301F-11D3-BF4B-00C04F79EFBC}") = "Travel.Console", "Desafio3\Travel.Console.csproj", "{38E593DD-4DD2-4E1B-8423-9550368D444F}"
EndProject
Project("{FAE04EC0-301F-11D3-BF4B-00C04F79EFBC}") = "Travel.BLL", "Desafio3.BLL\Travel.BLL.csproj", "{F8499421-E22F-4745-9044-B600BA5BA419}"
EndProject
Project("{FAE04EC0-301F-11D3-BF4B-00C04F79EFBC}") = "Travel.UnitTest", "Desafio3.UnitTest\Travel.UnitTest.csproj", "{BB697C58-88C8-47FB-93CC-8B41B3988FF6}"
EndProject
Global
	GlobalSection(SolutionConfigurationPlatforms) = preSolution
		Debug|Any CPU = Debug|Any CPU
		Release|Any CPU = Release|Any CPU
	EndGlobalSection
	GlobalSection(ProjectConfigurationPlatforms) = postSolution
		{38E593DD-4DD2-4E1B-8423-9550368D444F}.Debug|Any CPU.ActiveCfg = Debug|Any CPU
		{38E593DD-4DD2-4E1B-8423-9550368D444F}.Debug|Any CPU.Build.0 = Debug|Any CPU
		{38E593DD-4DD2-4E1B-8423-9550368D444F}.Release|Any CPU.ActiveCfg = Release|Any CPU
		{38E593DD-4DD2-4E1B-8423-9550368D444F}.Release|Any CPU.Build.0 = Release|Any CPU
		{F8499421-E22F-4745-9044-B600BA5BA419}.Debug|Any CPU.ActiveCfg = Debug|Any CPU
		{F8499421-E22F-4745-9044-B600BA5BA419}.Debug|Any CPU.Build.0 = Debug|Any CPU
		{F8499421-E22F-4745-9044-B600BA5BA419}.Release|Any CPU.ActiveCfg = Release|Any CPU
		{F8499421-E22F-4745-9044-B600BA5BA419}.Release|Any CPU.Build.0 = Release|Any CPU
		{BB697C58-88C8-47FB-93CC-8B41B3988FF6}.Debug|Any CPU.ActiveCfg = Debug|Any CPU
		{BB697C58-88C8-47FB-93CC-8B41B3988FF6}.Debug|Any CPU.Build.0 = Debug|Any CPU
		{BB697C58-88C8-47FB-93CC-8B41B3988FF6}.Release|Any CPU.ActiveCfg = Release|Any CPU
		{BB697C58-88C8-47FB-93CC-8B41B3988FF6}.Release|Any CPU.Build.0 = Release|Any CPU
	EndGlobalSection
	GlobalSection(SolutionProperties) = preSolution
		HideSolutionNode = FALSE
	EndGlobalSection
EndGlobal
